
Microsoft Visual Studio Solution File, Format Version 12.00
Project("{FAE04EC0-301F-11D3-BF4B-00C04F79EFBC}") = "MLNetImageClassificationTrainerPredictedColumnNameProblem", "MLNetImageClassificationTrainerPredictedColumnNameProblem\MLNetImageClassificationTrainerPredictedColumnNameProblem.csproj", "{A3E171A6-B66D-41E0-BB9C-975F1BE7BA5E}"
EndProject
Global
	GlobalSection(SolutionConfigurationPlatforms) = preSolution
		Debug|Any CPU = Debug|Any CPU
		Release|Any CPU = Release|Any CPU
	EndGlobalSection
	GlobalSection(ProjectConfigurationPlatforms) = postSolution
		{A3E171A6-B66D-41E0-BB9C-975F1BE7BA5E}.Debug|Any CPU.ActiveCfg = Debug|Any CPU
		{A3E171A6-B66D-41E0-BB9C-975F1BE7BA5E}.Debug|Any CPU.Build.0 = Debug|Any CPU
		{A3E171A6-B66D-41E0-BB9C-975F1BE7BA5E}.Release|Any CPU.ActiveCfg = Release|Any CPU
		{A3E171A6-B66D-41E0-BB9C-975F1BE7BA5E}.Release|Any CPU.Build.0 = Release|Any CPU
	EndGlobalSection
EndGlobal
